
Microsoft Visual Studio Solution File, Format Version 12.00
# Visual Studio Version 16
VisualStudioVersion = 16.0.31205.134
MinimumVisualStudioVersion = 10.0.40219.1
Project("{FAE04EC0-301F-11D3-BF4B-00C04F79EFBC}") = "Challenge", "Challenge.csproj", "{FB9B605C-75E5-46B0-A09C-A5A5FAE8C2FD}"
EndProject
Global
	GlobalSection(SolutionConfigurationPlatforms) = preSolution
		Debug|Any CPU = Debug|Any CPU
		Release|Any CPU = Release|Any CPU
	EndGlobalSection
	GlobalSection(ProjectConfigurationPlatforms) = postSolution
		{FB9B605C-75E5-46B0-A09C-A5A5FAE8C2FD}.Debug|Any CPU.ActiveCfg = Debug|Any CPU
		{FB9B605C-75E5-46B0-A09C-A5A5FAE8C2FD}.Debug|Any CPU.Build.0 = Debug|Any CPU
		{FB9B605C-75E5-46B0-A09C-A5A5FAE8C2FD}.Release|Any CPU.ActiveCfg = Release|Any CPU
		{FB9B605C-75E5-46B0-A09C-A5A5FAE8C2FD}.Release|Any CPU.Build.0 = Release|Any CPU
	EndGlobalSection
	GlobalSection(SolutionProperties) = preSolution
		HideSolutionNode = FALSE
	EndGlobalSection
	GlobalSection(ExtensibilityGlobals) = postSolution
		SolutionGuid = {137E8073-E8F0-49B8-8F3C-52202F96D556}
	EndGlobalSection
EndGlobal
